<?xml version="1.0" encoding="utf-8"?>
<Project ToolsVersion="4.0" xmlns="http://schemas.microsoft.com/developer/msbuild/2003">
  <ItemGroup>
    <Filter Include="Source Files">
      <UniqueIdentifier>{4FC737F1-C7A5-4376-A066-2A32D752A2FF}</UniqueIdentifier>
      <Extensions>cpp;c;cc;cxx;c++;cppm;ixx;def;odl;idl;hpj;bat;asm;asmx</Extensions>
    </Filter>
    <Filter Include="Header Files">
      <UniqueIdentifier>{93995380-89BD-4b04-88EB-625FBE52EBFB}</UniqueIdentifier>
      <Extensions>h;hh;hpp;hxx;h++;hm;inl;inc;ipp;xsd</Extensions>
    </Filter>
    <Filter Include="Resource Files">
      <UniqueIdentifier>{67DA6AB6-F800-4c08-8B7A-83BB121AAD01}</UniqueIdentifier>
      <Extensions>rc;ico;cur;bmp;dlg;rc2;rct;bin;rgs;gif;jpg;jpeg;jpe;resx;tiff;tif;png;wav;mfcribbon-ms</Extensions>
    </Filter>
    <Filter Include="Header Files\ControlHelpers">
      <UniqueIdentifier>{44d7f69d-ea72-4505-8ff3-4864bd2250c1}</UniqueIdentifier>
    </Filter>
    <Filter Include="Source Files\ControlHelpers">
      <UniqueIdentifier>{0417f14a-9be5-4a8b-8648-bee88ad5f568}</UniqueIdentifier>
    </Filter>
    <Filter Include="Source Files\Windows">
      <UniqueIdentifier>{376e5de1-fef8-4a3e-a69f-f954ba3516d4}</UniqueIdentifier>
    </Filter>
    <Filter Include="Header Files\Windows">
      <UniqueIdentifier>{32d77956-1a8f-41b6-a467-0e42628b8bd3}</UniqueIdentifier>
    </Filter>
  </ItemGroup>
  <ItemGroup>
    <ClCompile Include="SimpleStoreErp.c">
      <Filter>Source Files</Filter>
    </ClCompile>
    <ClCompile Include="stdatomic.c">
      <Filter>Source Files</Filter>
    </ClCompile>
    <ClCompile Include="vector.c">
      <Filter>Source Files</Filter>
    </ClCompile>
    <ClCompile Include="ProductRecord.c">
      <Filter>Source Files</Filter>
    </ClCompile>
    <ClCompile Include="common.c">
      <Filter>Source Files</Filter>
    </ClCompile>
    <ClCompile Include="UserSetting.c">
      <Filter>Source Files</Filter>
    </ClCompile>
    <ClCompile Include="UserManage.c">
      <Filter>Source Files</Filter>
    </ClCompile>
    <ClCompile Include="sha256.c">
      <Filter>Source Files</Filter>
    </ClCompile>
    <ClCompile Include="DpiHelper.c">
      <Filter>Source Files</Filter>
    </ClCompile>
    <ClCompile Include="ControlsCommonOperation.c">
      <Filter>Source Files\ControlHelpers</Filter>
    </ClCompile>
    <ClCompile Include="EditItemWindow.c">
      <Filter>Source Files\Windows</Filter>
    </ClCompile>
    <ClCompile Include="InputBoxWindow.c">
      <Filter>Source Files\Windows</Filter>
    </ClCompile>
    <ClCompile Include="LoadDataFilterWindow.c">
      <Filter>Source Files\Windows</Filter>
    </ClCompile>
    <ClCompile Include="LoginWindow.c">
      <Filter>Source Files\Windows</Filter>
    </ClCompile>
    <ClCompile Include="MainWindow.c">
      <Filter>Source Files\Windows</Filter>
    </ClCompile>
    <ClCompile Include="RoutePointEditWindow.c">
      <Filter>Source Files\Windows</Filter>
    </ClCompile>
    <ClCompile Include="chromiumbase64.c">
      <Filter>Source Files</Filter>
    </ClCompile>
  </ItemGroup>
  <ItemGroup>
    <ClInclude Include="common.h">
      <Filter>Header Files</Filter>
    </ClInclude>
    <ClInclude Include="ProductRecord.h">
      <Filter>Header Files</Filter>
    </ClInclude>
    <ClInclude Include="stdatomic.h">
      <Filter>Header Files</Filter>
    </ClInclude>
    <ClInclude Include="vector.h">
      <Filter>Header Files</Filter>
    </ClInclude>
    <ClInclude Include="UserSetting.h">
      <Filter>Header Files</Filter>
    </ClInclude>
    <ClInclude Include="UserManage.h">
      <Filter>Header Files</Filter>
    </ClInclude>
    <ClInclude Include="sha256.h">
      <Filter>Header Files</Filter>
    </ClInclude>
    <ClInclude Include="DpiHelper.h">
      <Filter>Header Files</Filter>
    </ClInclude>
    <ClInclude Include="ControlsCommonOperation.h">
      <Filter>Header Files\ControlHelpers</Filter>
    </ClInclude>
    <ClInclude Include="EditItemWindow.h">
      <Filter>Header Files\Windows</Filter>
    </ClInclude>
    <ClInclude Include="InputBoxWindow.h">
      <Filter>Header Files\Windows</Filter>
    </ClInclude>
    <ClInclude Include="LoginWindow.h">
      <Filter>Header Files\Windows</Filter>
    </ClInclude>
    <ClInclude Include="MainWindow.h">
      <Filter>Header Files\Windows</Filter>
    </ClInclude>
    <ClInclude Include="LoadDataFilterWindow.h">
      <Filter>Header Files\Windows</Filter>
    </ClInclude>
    <ClInclude Include="RoutePointEditWindow.h">
      <Filter>Header Files\Windows</Filter>
    </ClInclude>
    <ClInclude Include="chromiumbase64.h">
      <Filter>Header Files</Filter>
    </ClInclude>
  </ItemGroup>
  <ItemGroup>
    <Manifest Include="app.manifest" />
  </ItemGroup>
</Project>